{
  "name": "starter-template",
  "version": "1.0.0",
  "lockfileVersion": 3,
  "requires": true,
  "packages": {
    "": {
      "name": "starter-template",
      "version": "1.0.0",
      "dependencies": {
        "@gravlabs/appwrite-hono-adapter-node": "0.3.0",
        "hono": "^4.4.12"
      }
    },
    "node_modules/@gravlabs/appwrite-hono-adapter-node": {
      "version": "0.3.0",
      "resolved": "https://registry.npmjs.org/@gravlabs/appwrite-hono-adapter-node/-/appwrite-hono-adapter-node-0.3.0.tgz",
      "integrity": "sha512-OHDBNVxM4TcwA3y76mt4BC8Kd57gJkAKoJkR9yVQFUdQn7+1sUYn3PsMeJzxi3yxzOA9Ha/SlOIduLR/DQYfog==",
      "peerDependencies": {
        "hono": "^4.4.12"
      }
    },
    "node_modules/hono": {
      "version": "4.4.12",
      "resolved": "https://registry.npmjs.org/hono/-/hono-4.4.12.tgz",
      "integrity": "sha512-Lx4Vwbws0IqFfXIVYychxUW0A4EE+7dn/jsjVeM34OXSA2Xs45MkDDP14Mzznp7LlDemUNHQG2uv2N5jQld0hA==",
      "license": "MIT",
      "engines": {
        "node": ">=16.0.0"
      }
    }
  }
}
